
Microsoft Visual Studio Solution File, Format Version 12.00
# Visual Studio Version 16
VisualStudioVersion = 16.0.29215.179
MinimumVisualStudioVersion = 10.0.40219.1
Project("{FAE04EC0-301F-11D3-BF4B-00C04F79EFBC}") = "Chapter6 - Try it out 2", "Chapter6 - Try it out 2\Chapter6 - Try it out 2.csproj", "{16860EC2-6054-4895-881B-83D0220998CA}"
EndProject
Global
	GlobalSection(SolutionConfigurationPlatforms) = preSolution
		Debug|Any CPU = Debug|Any CPU
		Release|Any CPU = Release|Any CPU
	EndGlobalSection
	GlobalSection(ProjectConfigurationPlatforms) = postSolution
		{16860EC2-6054-4895-881B-83D0220998CA}.Debug|Any CPU.ActiveCfg = Debug|Any CPU
		{16860EC2-6054-4895-881B-83D0220998CA}.Debug|Any CPU.Build.0 = Debug|Any CPU
		{16860EC2-6054-4895-881B-83D0220998CA}.Release|Any CPU.ActiveCfg = Release|Any CPU
		{16860EC2-6054-4895-881B-83D0220998CA}.Release|Any CPU.Build.0 = Release|Any CPU
	EndGlobalSection
	GlobalSection(SolutionProperties) = preSolution
		HideSolutionNode = FALSE
	EndGlobalSection
	GlobalSection(ExtensibilityGlobals) = postSolution
		SolutionGuid = {DB1665FA-1F7F-4C90-8379-104D53B52C42}
	EndGlobalSection
EndGlobal
